{
  "name": "ig-types",
  "version": "1.0.0",
  "lockfileVersion": 1,
  "requires": true,
  "dependencies": {
    "ig-object": {
      "version": "5.2.8",
      "resolved": "https://registry.npmjs.org/ig-object/-/ig-object-5.2.8.tgz",
      "integrity": "sha512-EzT4CP6d6lI8bnknNgT3W8mUQhSVXflO0yPbKD4dKsFcINiC6npjoEBz+8m3VQmWJhc+36pXD4JLwNxUEgzi+Q=="
    },
    "object-run": {
      "version": "1.0.1",
      "resolved": "https://registry.npmjs.org/object-run/-/object-run-1.0.1.tgz",
      "integrity": "sha512-FkYGSw3wr5DLfEueCJvbkCh3jZE1DTVCEQNshQwH8zpUFn0ahyM1cQMNFfzTMC3DSTBHVH7+7+DAf1WDWn+EXA=="
    }
  }
}
